// !$*UTF8*$!
{
	archiveVersion = 1;
	classes = {
	};
	objectVersion = 55;
	objects = {

/* Begin PBXBuildFile section */
		1C15477C29E17F3C0011DBA2 /* SQLite.framework in Frameworks */ = {isa = PBXBuildFile; fileRef = 1C15476E29E17D6F0011DBA2 /* SQLite.framework */; };
		1C15477D29E17F3C0011DBA2 /* SQLite.framework in Embed Frameworks */ = {isa = PBXBuildFile; fileRef = 1C15476E29E17D6F0011DBA2 /* SQLite.framework */; settings = {ATTRIBUTES = (CodeSignOnCopy, RemoveHeadersOnCopy, ); }; };
		1C2FEF1F2A0E4C700065EB7A /* TransactionJSONData.swift in Sources */ = {isa = PBXBuildFile; fileRef = 1C2FEF1E2A0E4C700065EB7A /* TransactionJSONData.swift */; };
		1C2FEF292A0EC5800065EB7A /* SessionManager.swift in Sources */ = {isa = PBXBuildFile; fileRef = 1C2FEF282A0EC57F0065EB7A /* SessionManager.swift */; };
		1C4401A729EB4A4800AF40F3 /* CodeScanner in Frameworks */ = {isa = PBXBuildFile; productRef = 1C4401A629EB4A4800AF40F3 /* CodeScanner */; };
		1C678FFF2A1A4ED000B18010 /* AdminController.swift in Sources */ = {isa = PBXBuildFile; fileRef = 1C678FFE2A1A4ED000B18010 /* AdminController.swift */; };
		1C6790022A1A6D5300B18010 /* DatabaseController.swift in Sources */ = {isa = PBXBuildFile; fileRef = 1C6790012A1A6D5300B18010 /* DatabaseController.swift */; };
		1C6BD84A29E1F8DE00E243DB /* PersonalDetailsController.swift in Sources */ = {isa = PBXBuildFile; fileRef = 1C6BD84929E1F8DE00E243DB /* PersonalDetailsController.swift */; };
		1C79FBFC29D44DAF0052764A /* QRCodeViewController.swift in Sources */ = {isa = PBXBuildFile; fileRef = 1C79FBFB29D44DAF0052764A /* QRCodeViewController.swift */; };
		1C79FBFE29D44E310052764A /* IDViewController.swift in Sources */ = {isa = PBXBuildFile; fileRef = 1C79FBFD29D44E310052764A /* IDViewController.swift */; };
		1C7D051929E3F984003B1FF6 /* PopupAfterProceedPaymentController.swift in Sources */ = {isa = PBXBuildFile; fileRef = 1C7D051829E3F984003B1FF6 /* PopupAfterProceedPaymentController.swift */; };
		1C7D052529E42C66003B1FF6 /* PaymentSuccessfulController.swift in Sources */ = {isa = PBXBuildFile; fileRef = 1C7D052429E42C66003B1FF6 /* PaymentSuccessfulController.swift */; };
		1C82AE7629EC34C3009B39C7 /* QRJSONData.swift in Sources */ = {isa = PBXBuildFile; fileRef = 1C82AE7529EC34C3009B39C7 /* QRJSONData.swift */; };
		1C9BF11729DB2F3900B69C37 /* AddPaymentController.swift in Sources */ = {isa = PBXBuildFile; fileRef = 1C9BF11629DB2F3900B69C37 /* AddPaymentController.swift */; };
		1C9BF11B29DB342300B69C37 /* FoodDrinkMenuController.swift in Sources */ = {isa = PBXBuildFile; fileRef = 1C9BF11A29DB342300B69C37 /* FoodDrinkMenuController.swift */; };
		1C9BF11D29DB343400B69C37 /* EntertainmentMenuController.swift in Sources */ = {isa = PBXBuildFile; fileRef = 1C9BF11C29DB343400B69C37 /* EntertainmentMenuController.swift */; };
		1C9BF11F29DB344800B69C37 /* AfterFlightServiceController.swift in Sources */ = {isa = PBXBuildFile; fileRef = 1C9BF11E29DB344800B69C37 /* AfterFlightServiceController.swift */; };
		1C9BF12529DB47C900B69C37 /* images in Resources */ = {isa = PBXBuildFile; fileRef = 1C9BF12429DB47C900B69C37 /* images */; };
		1CDAE2FF29D376DE000E140A /* AppDelegate.swift in Sources */ = {isa = PBXBuildFile; fileRef = 1CDAE2FE29D376DE000E140A /* AppDelegate.swift */; };
		1CDAE30129D376DE000E140A /* SceneDelegate.swift in Sources */ = {isa = PBXBuildFile; fileRef = 1CDAE30029D376DE000E140A /* SceneDelegate.swift */; };
		1CDAE30329D376DE000E140A /* ViewController.swift in Sources */ = {isa = PBXBuildFile; fileRef = 1CDAE30229D376DE000E140A /* ViewController.swift */; };
		1CDAE30629D376DE000E140A /* Main.storyboard in Resources */ = {isa = PBXBuildFile; fileRef = 1CDAE30429D376DE000E140A /* Main.storyboard */; };
		1CDAE30829D376E0000E140A /* Assets.xcassets in Resources */ = {isa = PBXBuildFile; fileRef = 1CDAE30729D376E0000E140A /* Assets.xcassets */; };
		1CDAE30B29D376E0000E140A /* LaunchScreen.storyboard in Resources */ = {isa = PBXBuildFile; fileRef = 1CDAE30929D376E0000E140A /* LaunchScreen.storyboard */; };
		1CDAE31629D376E0000E140A /* applicationTests.swift in Sources */ = {isa = PBXBuildFile; fileRef = 1CDAE31529D376E0000E140A /* applicationTests.swift */; };
		1CDAE32029D376E0000E140A /* applicationUITests.swift in Sources */ = {isa = PBXBuildFile; fileRef = 1CDAE31F29D376E0000E140A /* applicationUITests.swift */; };
		1CDAE32229D376E0000E140A /* applicationUITestsLaunchTests.swift in Sources */ = {isa = PBXBuildFile; fileRef = 1CDAE32129D376E0000E140A /* applicationUITestsLaunchTests.swift */; };
		1CE16CB32A0975F0002C6C55 /* SpendingDetailsController.swift in Sources */ = {isa = PBXBuildFile; fileRef = 1CE16CB22A0975F0002C6C55 /* SpendingDetailsController.swift */; };
		1CED77972A10068D009749C6 /* TransactionsController.swift in Sources */ = {isa = PBXBuildFile; fileRef = 1CED77962A10068D009749C6 /* TransactionsController.swift */; };
		7782C50029F6D78000C1D325 /* ServerData.swift in Sources */ = {isa = PBXBuildFile; fileRef = 7782C4FF29F6D78000C1D325 /* ServerData.swift */; };
		7782C50B29F6DFD900C1D325 /* serverData.json in Resources */ = {isa = PBXBuildFile; fileRef = 7782C50A29F6DFD900C1D325 /* serverData.json */; };
/* End PBXBuildFile section */

/* Begin PBXContainerItemProxy section */
		1C15476D29E17D6F0011DBA2 /* PBXContainerItemProxy */ = {
			isa = PBXContainerItemProxy;
			containerPortal = 1C15476329E17D6E0011DBA2 /* SQLite.xcodeproj */;
			proxyType = 2;
			remoteGlobalIDString = EE247AD31C3F04ED00AE3E12;
			remoteInfo = "SQLite iOS";
		};
		1C15476F29E17D6F0011DBA2 /* PBXContainerItemProxy */ = {
			isa = PBXContainerItemProxy;
			containerPortal = 1C15476329E17D6E0011DBA2 /* SQLite.xcodeproj */;
			proxyType = 2;
			remoteGlobalIDString = EE247ADD1C3F04ED00AE3E12;
			remoteInfo = "SQLiteTests iOS";
		};
		1C15477129E17D6F0011DBA2 /* PBXContainerItemProxy */ = {
			isa = PBXContainerItemProxy;
			containerPortal = 1C15476329E17D6E0011DBA2 /* SQLite.xcodeproj */;
			proxyType = 2;
			remoteGlobalIDString = EE247B3C1C3F3ED000AE3E12;
			remoteInfo = "SQLite Mac";
		};
		1C15477329E17D6F0011DBA2 /* PBXContainerItemProxy */ = {
			isa = PBXContainerItemProxy;
			containerPortal = 1C15476329E17D6E0011DBA2 /* SQLite.xcodeproj */;
			proxyType = 2;
			remoteGlobalIDString = EE247B451C3F3ED000AE3E12;
			remoteInfo = "SQLiteTests Mac";
		};
		1C15477529E17D6F0011DBA2 /* PBXContainerItemProxy */ = {
			isa = PBXContainerItemProxy;
			containerPortal = 1C15476329E17D6E0011DBA2 /* SQLite.xcodeproj */;
			proxyType = 2;
			remoteGlobalIDString = 03A65E5A1C6BB0F50062603F;
			remoteInfo = "SQLite tvOS";
		};
		1C15477729E17D6F0011DBA2 /* PBXContainerItemProxy */ = {
			isa = PBXContainerItemProxy;
			containerPortal = 1C15476329E17D6E0011DBA2 /* SQLite.xcodeproj */;
			proxyType = 2;
			remoteGlobalIDString = 03A65E631C6BB0F60062603F;
			remoteInfo = "SQLiteTests tvOS";
		};
		1C15477929E17D6F0011DBA2 /* PBXContainerItemProxy */ = {
			isa = PBXContainerItemProxy;
			containerPortal = 1C15476329E17D6E0011DBA2 /* SQLite.xcodeproj */;
			proxyType = 2;
			remoteGlobalIDString = A121AC451CA35C79005A31D1;
			remoteInfo = "SQLite watchOS";
		};
		1CDAE31229D376E0000E140A /* PBXContainerItemProxy */ = {
			isa = PBXContainerItemProxy;
			containerPortal = 1CDAE2F329D376DE000E140A /* Project object */;
			proxyType = 1;
			remoteGlobalIDString = 1CDAE2FA29D376DE000E140A;
			remoteInfo = application;
		};
		1CDAE31C29D376E0000E140A /* PBXContainerItemProxy */ = {
			isa = PBXContainerItemProxy;
			containerPortal = 1CDAE2F329D376DE000E140A /* Project object */;
			proxyType = 1;
			remoteGlobalIDString = 1CDAE2FA29D376DE000E140A;
			remoteInfo = application;
		};
/* End PBXContainerItemProxy section */

/* Begin PBXCopyFilesBuildPhase section */
		1C15477E29E17F3C0011DBA2 /* Embed Frameworks */ = {
			isa = PBXCopyFilesBuildPhase;
			buildActionMask = 2147483647;
			dstPath = "";
			dstSubfolderSpec = 10;
			files = (
				1C15477D29E17F3C0011DBA2 /* SQLite.framework in Embed Frameworks */,
			);
			name = "Embed Frameworks";
			runOnlyForDeploymentPostprocessing = 0;
		};
/* End PBXCopyFilesBuildPhase section */

/* Begin PBXFileReference section */
		1C15476329E17D6E0011DBA2 /* SQLite.xcodeproj */ = {isa = PBXFileReference; lastKnownFileType = "wrapper.pb-project"; name = SQLite.xcodeproj; path = "../../../Downloads/SQLite.swift-master/SQLite.xcodeproj"; sourceTree = "<group>"; };
		1C2FEF1E2A0E4C700065EB7A /* TransactionJSONData.swift */ = {isa = PBXFileReference; lastKnownFileType = sourcecode.swift; path = TransactionJSONData.swift; sourceTree = "<group>"; };
		1C2FEF282A0EC57F0065EB7A /* SessionManager.swift */ = {isa = PBXFileReference; lastKnownFileType = sourcecode.swift; path = SessionManager.swift; sourceTree = "<group>"; };
		1C678FFE2A1A4ED000B18010 /* AdminController.swift */ = {isa = PBXFileReference; lastKnownFileType = sourcecode.swift; path = AdminController.swift; sourceTree = "<group>"; };
		1C6790012A1A6D5300B18010 /* DatabaseController.swift */ = {isa = PBXFileReference; lastKnownFileType = sourcecode.swift; path = DatabaseController.swift; sourceTree = "<group>"; };
		1C6BD84929E1F8DE00E243DB /* PersonalDetailsController.swift */ = {isa = PBXFileReference; lastKnownFileType = sourcecode.swift; path = PersonalDetailsController.swift; sourceTree = "<group>"; };
		1C79FBFB29D44DAF0052764A /* QRCodeViewController.swift */ = {isa = PBXFileReference; lastKnownFileType = sourcecode.swift; path = QRCodeViewController.swift; sourceTree = "<group>"; };
		1C79FBFD29D44E310052764A /* IDViewController.swift */ = {isa = PBXFileReference; lastKnownFileType = sourcecode.swift; path = IDViewController.swift; sourceTree = "<group>"; };
		1C7D051829E3F984003B1FF6 /* PopupAfterProceedPaymentController.swift */ = {isa = PBXFileReference; lastKnownFileType = sourcecode.swift; path = PopupAfterProceedPaymentController.swift; sourceTree = "<group>"; };
		1C7D052429E42C66003B1FF6 /* PaymentSuccessfulController.swift */ = {isa = PBXFileReference; lastKnownFileType = sourcecode.swift; path = PaymentSuccessfulController.swift; sourceTree = "<group>"; };
		1C82AE7529EC34C3009B39C7 /* QRJSONData.swift */ = {isa = PBXFileReference; lastKnownFileType = sourcecode.swift; path = QRJSONData.swift; sourceTree = "<group>"; };
		1C9BF11629DB2F3900B69C37 /* AddPaymentController.swift */ = {isa = PBXFileReference; lastKnownFileType = sourcecode.swift; path = AddPaymentController.swift; sourceTree = "<group>"; };
		1C9BF11A29DB342300B69C37 /* FoodDrinkMenuController.swift */ = {isa = PBXFileReference; lastKnownFileType = sourcecode.swift; path = FoodDrinkMenuController.swift; sourceTree = "<group>"; };
		1C9BF11C29DB343400B69C37 /* EntertainmentMenuController.swift */ = {isa = PBXFileReference; lastKnownFileType = sourcecode.swift; path = EntertainmentMenuController.swift; sourceTree = "<group>"; };
		1C9BF11E29DB344800B69C37 /* AfterFlightServiceController.swift */ = {isa = PBXFileReference; lastKnownFileType = sourcecode.swift; path = AfterFlightServiceController.swift; sourceTree = "<group>"; };
		1C9BF12429DB47C900B69C37 /* images */ = {isa = PBXFileReference; fileEncoding = 4; lastKnownFileType = text; path = images; sourceTree = SOURCE_ROOT; };
		1CDAE2FB29D376DE000E140A /* application.app */ = {isa = PBXFileReference; explicitFileType = wrapper.application; includeInIndex = 0; path = application.app; sourceTree = BUILT_PRODUCTS_DIR; };
		1CDAE2FE29D376DE000E140A /* AppDelegate.swift */ = {isa = PBXFileReference; lastKnownFileType = sourcecode.swift; path = AppDelegate.swift; sourceTree = "<group>"; };
		1CDAE30029D376DE000E140A /* SceneDelegate.swift */ = {isa = PBXFileReference; lastKnownFileType = sourcecode.swift; path = SceneDelegate.swift; sourceTree = "<group>"; };
		1CDAE30229D376DE000E140A /* ViewController.swift */ = {isa = PBXFileReference; lastKnownFileType = sourcecode.swift; path = ViewController.swift; sourceTree = "<group>"; };
		1CDAE30529D376DE000E140A /* Base */ = {isa = PBXFileReference; lastKnownFileType = file.storyboard; name = Base; path = Base.lproj/Main.storyboard; sourceTree = "<group>"; };
		1CDAE30729D376E0000E140A /* Assets.xcassets */ = {isa = PBXFileReference; lastKnownFileType = folder.assetcatalog; path = Assets.xcassets; sourceTree = "<group>"; };
		1CDAE30A29D376E0000E140A /* Base */ = {isa = PBXFileReference; lastKnownFileType = file.storyboard; name = Base; path = Base.lproj/LaunchScreen.storyboard; sourceTree = "<group>"; };
		1CDAE30C29D376E0000E140A /* Info.plist */ = {isa = PBXFileReference; lastKnownFileType = text.plist.xml; path = Info.plist; sourceTree = "<group>"; };
		1CDAE31129D376E0000E140A /* applicationTests.xctest */ = {isa = PBXFileReference; explicitFileType = wrapper.cfbundle; includeInIndex = 0; path = applicationTests.xctest; sourceTree = BUILT_PRODUCTS_DIR; };
		1CDAE31529D376E0000E140A /* applicationTests.swift */ = {isa = PBXFileReference; lastKnownFileType = sourcecode.swift; path = applicationTests.swift; sourceTree = "<group>"; };
		1CDAE31B29D376E0000E140A /* applicationUITests.xctest */ = {isa = PBXFileReference; explicitFileType = wrapper.cfbundle; includeInIndex = 0; path = applicationUITests.xctest; sourceTree = BUILT_PRODUCTS_DIR; };
		1CDAE31F29D376E0000E140A /* applicationUITests.swift */ = {isa = PBXFileReference; lastKnownFileType = sourcecode.swift; path = applicationUITests.swift; sourceTree = "<group>"; };
		1CDAE32129D376E0000E140A /* applicationUITestsLaunchTests.swift */ = {isa = PBXFileReference; lastKnownFileType = sourcecode.swift; path = applicationUITestsLaunchTests.swift; sourceTree = "<group>"; };
		1CE16CB22A0975F0002C6C55 /* SpendingDetailsController.swift */ = {isa = PBXFileReference; lastKnownFileType = sourcecode.swift; path = SpendingDetailsController.swift; sourceTree = "<group>"; };
		1CED77962A10068D009749C6 /* TransactionsController.swift */ = {isa = PBXFileReference; lastKnownFileType = sourcecode.swift; path = TransactionsController.swift; sourceTree = "<group>"; };
		7782C4FF29F6D78000C1D325 /* ServerData.swift */ = {isa = PBXFileReference; lastKnownFileType = sourcecode.swift; path = ServerData.swift; sourceTree = "<group>"; };
		7782C50A29F6DFD900C1D325 /* serverData.json */ = {isa = PBXFileReference; fileEncoding = 4; lastKnownFileType = text.json; name = serverData.json; path = ../../serverData.json; sourceTree = "<group>"; };
/* End PBXFileReference section */

/* Begin PBXFrameworksBuildPhase section */
		1CDAE2F829D376DE000E140A /* Frameworks */ = {
			isa = PBXFrameworksBuildPhase;
			buildActionMask = 2147483647;
			files = (
				1C4401A729EB4A4800AF40F3 /* CodeScanner in Frameworks */,
				1C15477C29E17F3C0011DBA2 /* SQLite.framework in Frameworks */,
			);
			runOnlyForDeploymentPostprocessing = 0;
		};
		1CDAE30E29D376E0000E140A /* Frameworks */ = {
			isa = PBXFrameworksBuildPhase;
			buildActionMask = 2147483647;
			files = (
			);
			runOnlyForDeploymentPostprocessing = 0;
		};
		1CDAE31829D376E0000E140A /* Frameworks */ = {
			isa = PBXFrameworksBuildPhase;
			buildActionMask = 2147483647;
			files = (
			);
			runOnlyForDeploymentPostprocessing = 0;
		};
/* End PBXFrameworksBuildPhase section */

/* Begin PBXGroup section */
		1C15476429E17D6E0011DBA2 /* Products */ = {
			isa = PBXGroup;
			children = (
				1C15476E29E17D6F0011DBA2 /* SQLite.framework */,
				1C15477029E17D6F0011DBA2 /* SQLiteTests iOS.xctest */,
				1C15477229E17D6F0011DBA2 /* SQLite.framework */,
				1C15477429E17D6F0011DBA2 /* SQLiteTests Mac.xctest */,
				1C15477629E17D6F0011DBA2 /* SQLite.framework */,
				1C15477829E17D6F0011DBA2 /* SQLiteTests tvOS.xctest */,
				1C15477A29E17D6F0011DBA2 /* SQLite.framework */,
			);
			name = Products;
			sourceTree = "<group>";
		};
		1C15477B29E17F3C0011DBA2 /* Frameworks */ = {
			isa = PBXGroup;
			children = (
			);
			name = Frameworks;
			sourceTree = "<group>";
		};
		1CDAE2F229D376DE000E140A = {
			isa = PBXGroup;
			children = (
				1C15476329E17D6E0011DBA2 /* SQLite.xcodeproj */,
				1CDAE2FD29D376DE000E140A /* application */,
				1CDAE31429D376E0000E140A /* applicationTests */,
				1CDAE31E29D376E0000E140A /* applicationUITests */,
				1CDAE2FC29D376DE000E140A /* Products */,
				1C15477B29E17F3C0011DBA2 /* Frameworks */,
			);
			sourceTree = "<group>";
		};
		1CDAE2FC29D376DE000E140A /* Products */ = {
			isa = PBXGroup;
			children = (
				1CDAE2FB29D376DE000E140A /* application.app */,
				1CDAE31129D376E0000E140A /* applicationTests.xctest */,
				1CDAE31B29D376E0000E140A /* applicationUITests.xctest */,
			);
			name = Products;
			sourceTree = "<group>";
		};
		1CDAE2FD29D376DE000E140A /* application */ = {
			isa = PBXGroup;
			children = (
				7782C50A29F6DFD900C1D325 /* serverData.json */,
				1C9BF12429DB47C900B69C37 /* images */,
				1CDAE2FE29D376DE000E140A /* AppDelegate.swift */,
				1CDAE30029D376DE000E140A /* SceneDelegate.swift */,
				1CDAE30229D376DE000E140A /* ViewController.swift */,
				1C79FBFD29D44E310052764A /* IDViewController.swift */,
				1C79FBFB29D44DAF0052764A /* QRCodeViewController.swift */,
				1CDAE30429D376DE000E140A /* Main.storyboard */,
				1CDAE30729D376E0000E140A /* Assets.xcassets */,
				1CDAE30929D376E0000E140A /* LaunchScreen.storyboard */,
				1CDAE30C29D376E0000E140A /* Info.plist */,
				1C9BF11629DB2F3900B69C37 /* AddPaymentController.swift */,
				1C9BF11A29DB342300B69C37 /* FoodDrinkMenuController.swift */,
				1C9BF11C29DB343400B69C37 /* EntertainmentMenuController.swift */,
				1C9BF11E29DB344800B69C37 /* AfterFlightServiceController.swift */,
				1C6BD84929E1F8DE00E243DB /* PersonalDetailsController.swift */,
				1C7D051829E3F984003B1FF6 /* PopupAfterProceedPaymentController.swift */,
				1C7D052429E42C66003B1FF6 /* PaymentSuccessfulController.swift */,
				1C82AE7529EC34C3009B39C7 /* QRJSONData.swift */,
				7782C4FF29F6D78000C1D325 /* ServerData.swift */,
				1CE16CB22A0975F0002C6C55 /* SpendingDetailsController.swift */,
				1C2FEF1E2A0E4C700065EB7A /* TransactionJSONData.swift */,
				1C2FEF282A0EC57F0065EB7A /* SessionManager.swift */,
				1CED77962A10068D009749C6 /* TransactionsController.swift */,
				1C678FFE2A1A4ED000B18010 /* AdminController.swift */,
				1C6790012A1A6D5300B18010 /* DatabaseController.swift */,
			);
			path = application;
			sourceTree = "<group>";
		};
		1CDAE31429D376E0000E140A /* applicationTests */ = {
			isa = PBXGroup;
			children = (
				1CDAE31529D376E0000E140A /* applicationTests.swift */,
			);
			path = applicationTests;
			sourceTree = "<group>";
		};
		1CDAE31E29D376E0000E140A /* applicationUITests */ = {
			isa = PBXGroup;
			children = (
				1CDAE31F29D376E0000E140A /* applicationUITests.swift */,
				1CDAE32129D376E0000E140A /* applicationUITestsLaunchTests.swift */,
			);
			path = applicationUITests;
			sourceTree = "<group>";
		};
/* End PBXGroup section */

/* Begin PBXNativeTarget section */
		1CDAE2FA29D376DE000E140A /* application */ = {
			isa = PBXNativeTarget;
			buildConfigurationList = 1CDAE32529D376E0000E140A /* Build configuration list for PBXNativeTarget "application" */;
			buildPhases = (
				1CDAE2F729D376DE000E140A /* Sources */,
				1CDAE2F829D376DE000E140A /* Frameworks */,
				1CDAE2F929D376DE000E140A /* Resources */,
				1C15477E29E17F3C0011DBA2 /* Embed Frameworks */,
			);
			buildRules = (
			);
			dependencies = (
			);
			name = application;
			packageProductDependencies = (
				1C4401A629EB4A4800AF40F3 /* CodeScanner */,
			);
			productName = application;
			productReference = 1CDAE2FB29D376DE000E140A /* application.app */;
			productType = "com.apple.product-type.application";
		};
		1CDAE31029D376E0000E140A /* applicationTests */ = {
			isa = PBXNativeTarget;
			buildConfigurationList = 1CDAE32829D376E0000E140A /* Build configuration list for PBXNativeTarget "applicationTests" */;
			buildPhases = (
				1CDAE30D29D376E0000E140A /* Sources */,
				1CDAE30E29D376E0000E140A /* Frameworks */,
				1CDAE30F29D376E0000E140A /* Resources */,
			);
			buildRules = (
			);
			dependencies = (
				1CDAE31329D376E0000E140A /* PBXTargetDependency */,
			);
			name = applicationTests;
			productName = applicationTests;
			productReference = 1CDAE31129D376E0000E140A /* applicationTests.xctest */;
			productType = "com.apple.product-type.bundle.unit-test";
		};
		1CDAE31A29D376E0000E140A /* applicationUITests */ = {
			isa = PBXNativeTarget;
			buildConfigurationList = 1CDAE32B29D376E0000E140A /* Build configuration list for PBXNativeTarget "applicationUITests" */;
			buildPhases = (
				1CDAE31729D376E0000E140A /* Sources */,
				1CDAE31829D376E0000E140A /* Frameworks */,
				1CDAE31929D376E0000E140A /* Resources */,
			);
			buildRules = (
			);
			dependencies = (
				1CDAE31D29D376E0000E140A /* PBXTargetDependency */,
			);
			name = applicationUITests;
			productName = applicationUITests;
			productReference = 1CDAE31B29D376E0000E140A /* applicationUITests.xctest */;
			productType = "com.apple.product-type.bundle.ui-testing";
		};
/* End PBXNativeTarget section */

/* Begin PBXProject section */
		1CDAE2F329D376DE000E140A /* Project object */ = {
			isa = PBXProject;
			attributes = {
				BuildIndependentTargetsInParallel = 1;
				KnownAssetTags = (
					0,
					1,
				);
				LastSwiftUpdateCheck = 1320;
				LastUpgradeCheck = 1320;
				TargetAttributes = {
					1CDAE2FA29D376DE000E140A = {
						CreatedOnToolsVersion = 13.2.1;
					};
					1CDAE31029D376E0000E140A = {
						CreatedOnToolsVersion = 13.2.1;
						TestTargetID = 1CDAE2FA29D376DE000E140A;
					};
					1CDAE31A29D376E0000E140A = {
						CreatedOnToolsVersion = 13.2.1;
						TestTargetID = 1CDAE2FA29D376DE000E140A;
					};
				};
			};
			buildConfigurationList = 1CDAE2F629D376DE000E140A /* Build configuration list for PBXProject "application" */;
			compatibilityVersion = "Xcode 13.0";
			developmentRegion = en;
			hasScannedForEncodings = 0;
			knownRegions = (
				en,
				Base,
			);
			mainGroup = 1CDAE2F229D376DE000E140A;
			packageReferences = (
				1C4401A529EB4A4800AF40F3 /* XCRemoteSwiftPackageReference "CodeScanner" */,
			);
			productRefGroup = 1CDAE2FC29D376DE000E140A /* Products */;
			projectDirPath = "";
			projectReferences = (
				{
					ProductGroup = 1C15476429E17D6E0011DBA2 /* Products */;
					ProjectRef = 1C15476329E17D6E0011DBA2 /* SQLite.xcodeproj */;
				},
			);
			projectRoot = "";
			targets = (
				1CDAE2FA29D376DE000E140A /* application */,
				1CDAE31029D376E0000E140A /* applicationTests */,
				1CDAE31A29D376E0000E140A /* applicationUITests */,
			);
		};
/* End PBXProject section */

/* Begin PBXReferenceProxy section */
		1C15476E29E17D6F0011DBA2 /* SQLite.framework */ = {
			isa = PBXReferenceProxy;
			fileType = wrapper.framework;
			path = SQLite.framework;
			remoteRef = 1C15476D29E17D6F0011DBA2 /* PBXContainerItemProxy */;
			sourceTree = BUILT_PRODUCTS_DIR;
		};
		1C15477029E17D6F0011DBA2 /* SQLiteTests iOS.xctest */ = {
			isa = PBXReferenceProxy;
			fileType = wrapper.cfbundle;
			path = "SQLiteTests iOS.xctest";
			remoteRef = 1C15476F29E17D6F0011DBA2 /* PBXContainerItemProxy */;
			sourceTree = BUILT_PRODUCTS_DIR;
		};
		1C15477229E17D6F0011DBA2 /* SQLite.framework */ = {
			isa = PBXReferenceProxy;
			fileType = wrapper.framework;
			path = SQLite.framework;
			remoteRef = 1C15477129E17D6F0011DBA2 /* PBXContainerItemProxy */;
			sourceTree = BUILT_PRODUCTS_DIR;
		};
		1C15477429E17D6F0011DBA2 /* SQLiteTests Mac.xctest */ = {
			isa = PBXReferenceProxy;
			fileType = wrapper.cfbundle;
			path = "SQLiteTests Mac.xctest";
			remoteRef = 1C15477329E17D6F0011DBA2 /* PBXContainerItemProxy */;
			sourceTree = BUILT_PRODUCTS_DIR;
		};
		1C15477629E17D6F0011DBA2 /* SQLite.framework */ = {
			isa = PBXReferenceProxy;
			fileType = wrapper.framework;
			path = SQLite.framework;
			remoteRef = 1C15477529E17D6F0011DBA2 /* PBXContainerItemProxy */;
			sourceTree = BUILT_PRODUCTS_DIR;
		};
		1C15477829E17D6F0011DBA2 /* SQLiteTests tvOS.xctest */ = {
			isa = PBXReferenceProxy;
			fileType = wrapper.cfbundle;
			path = "SQLiteTests tvOS.xctest";
			remoteRef = 1C15477729E17D6F0011DBA2 /* PBXContainerItemProxy */;
			sourceTree = BUILT_PRODUCTS_DIR;
		};
		1C15477A29E17D6F0011DBA2 /* SQLite.framework */ = {
			isa = PBXReferenceProxy;
			fileType = wrapper.framework;
			path = SQLite.framework;
			remoteRef = 1C15477929E17D6F0011DBA2 /* PBXContainerItemProxy */;
			sourceTree = BUILT_PRODUCTS_DIR;
		};
/* End PBXReferenceProxy section */

/* Begin PBXResourcesBuildPhase section */
		1CDAE2F929D376DE000E140A /* Resources */ = {
			isa = PBXResourcesBuildPhase;
			buildActionMask = 2147483647;
			files = (
				1C9BF12529DB47C900B69C37 /* images in Resources */,
				7782C50B29F6DFD900C1D325 /* serverData.json in Resources */,
				1CDAE30B29D376E0000E140A /* LaunchScreen.storyboard in Resources */,
				1CDAE30829D376E0000E140A /* Assets.xcassets in Resources */,
				1CDAE30629D376DE000E140A /* Main.storyboard in Resources */,
			);
			runOnlyForDeploymentPostprocessing = 0;
		};
		1CDAE30F29D376E0000E140A /* Resources */ = {
			isa = PBXResourcesBuildPhase;
			buildActionMask = 2147483647;
			files = (
			);
			runOnlyForDeploymentPostprocessing = 0;
		};
		1CDAE31929D376E0000E140A /* Resources */ = {
			isa = PBXResourcesBuildPhase;
			buildActionMask = 2147483647;
			files = (
			);
			runOnlyForDeploymentPostprocessing = 0;
		};
/* End PBXResourcesBuildPhase section */

/* Begin PBXSourcesBuildPhase section */
		1CDAE2F729D376DE000E140A /* Sources */ = {
			isa = PBXSourcesBuildPhase;
			buildActionMask = 2147483647;
			files = (
				7782C50029F6D78000C1D325 /* ServerData.swift in Sources */,
				1CDAE30329D376DE000E140A /* ViewController.swift in Sources */,
				1C9BF11D29DB343400B69C37 /* EntertainmentMenuController.swift in Sources */,
				1C2FEF292A0EC5800065EB7A /* SessionManager.swift in Sources */,
				1C9BF11B29DB342300B69C37 /* FoodDrinkMenuController.swift in Sources */,
				1C6BD84A29E1F8DE00E243DB /* PersonalDetailsController.swift in Sources */,
				1CDAE2FF29D376DE000E140A /* AppDelegate.swift in Sources */,
				1CDAE30129D376DE000E140A /* SceneDelegate.swift in Sources */,
				1C2FEF1F2A0E4C700065EB7A /* TransactionJSONData.swift in Sources */,
				1C82AE7629EC34C3009B39C7 /* QRJSONData.swift in Sources */,
				1C79FBFC29D44DAF0052764A /* QRCodeViewController.swift in Sources */,
				1C79FBFE29D44E310052764A /* IDViewController.swift in Sources */,
				1C678FFF2A1A4ED000B18010 /* AdminController.swift in Sources */,
				1C7D051929E3F984003B1FF6 /* PopupAfterProceedPaymentController.swift in Sources */,
				1CE16CB32A0975F0002C6C55 /* SpendingDetailsController.swift in Sources */,
				1C9BF11F29DB344800B69C37 /* AfterFlightServiceController.swift in Sources */,
				1C9BF11729DB2F3900B69C37 /* AddPaymentController.swift in Sources */,
				1C7D052529E42C66003B1FF6 /* PaymentSuccessfulController.swift in Sources */,
				1CED77972A10068D009749C6 /* TransactionsController.swift in Sources */,
				1C6790022A1A6D5300B18010 /* DatabaseController.swift in Sources */,
			);
			runOnlyForDeploymentPostprocessing = 0;
		};
		1CDAE30D29D376E0000E140A /* Sources */ = {
			isa = PBXSourcesBuildPhase;
			buildActionMask = 2147483647;
			files = (
				1CDAE31629D376E0000E140A /* applicationTests.swift in Sources */,
			);
			runOnlyForDeploymentPostprocessing = 0;
		};
		1CDAE31729D376E0000E140A /* Sources */ = {
			isa = PBXSourcesBuildPhase;
			buildActionMask = 2147483647;
			files = (
				1CDAE32029D376E0000E140A /* applicationUITests.swift in Sources */,
				1CDAE32229D376E0000E140A /* applicationUITestsLaunchTests.swift in Sources */,
			);
			runOnlyForDeploymentPostprocessing = 0;
		};
/* End PBXSourcesBuildPhase section */

/* Begin PBXTargetDependency section */
		1CDAE31329D376E0000E140A /* PBXTargetDependency */ = {
			isa = PBXTargetDependency;
			target = 1CDAE2FA29D376DE000E140A /* application */;
			targetProxy = 1CDAE31229D376E0000E140A /* PBXContainerItemProxy */;
		};
		1CDAE31D29D376E0000E140A /* PBXTargetDependency */ = {
			isa = PBXTargetDependency;
			target = 1CDAE2FA29D376DE000E140A /* application */;
			targetProxy = 1CDAE31C29D376E0000E140A /* PBXContainerItemProxy */;
		};
/* End PBXTargetDependency section */

/* Begin PBXVariantGroup section */
		1CDAE30429D376DE000E140A /* Main.storyboard */ = {
			isa = PBXVariantGroup;
			children = (
				1CDAE30529D376DE000E140A /* Base */,
			);
			name = Main.storyboard;
			sourceTree = "<group>";
		};
		1CDAE30929D376E0000E140A /* LaunchScreen.storyboard */ = {
			isa = PBXVariantGroup;
			children = (
				1CDAE30A29D376E0000E140A /* Base */,
			);
			name = LaunchScreen.storyboard;
			sourceTree = "<group>";
		};
/* End PBXVariantGroup section */

/* Begin XCBuildConfiguration section */
		1CDAE32329D376E0000E140A /* Debug */ = {
			isa = XCBuildConfiguration;
			buildSettings = {
				ALWAYS_SEARCH_USER_PATHS = NO;
				CLANG_ANALYZER_NONNULL = YES;
				CLANG_ANALYZER_NUMBER_OBJECT_CONVERSION = YES_AGGRESSIVE;
				CLANG_CXX_LANGUAGE_STANDARD = "gnu++17";
				CLANG_CXX_LIBRARY = "libc++";
				CLANG_ENABLE_MODULES = YES;
				CLANG_ENABLE_OBJC_ARC = YES;
				CLANG_ENABLE_OBJC_WEAK = YES;
				CLANG_WARN_BLOCK_CAPTURE_AUTORELEASING = YES;
				CLANG_WARN_BOOL_CONVERSION = YES;
				CLANG_WARN_COMMA = YES;
				CLANG_WARN_CONSTANT_CONVERSION = YES;
				CLANG_WARN_DEPRECATED_OBJC_IMPLEMENTATIONS = YES;
				CLANG_WARN_DIRECT_OBJC_ISA_USAGE = YES_ERROR;
				CLANG_WARN_DOCUMENTATION_COMMENTS = YES;
				CLANG_WARN_EMPTY_BODY = YES;
				CLANG_WARN_ENUM_CONVERSION = YES;
				CLANG_WARN_INFINITE_RECURSION = YES;
				CLANG_WARN_INT_CONVERSION = YES;
				CLANG_WARN_NON_LITERAL_NULL_CONVERSION = YES;
				CLANG_WARN_OBJC_IMPLICIT_RETAIN_SELF = YES;
				CLANG_WARN_OBJC_LITERAL_CONVERSION = YES;
				CLANG_WARN_OBJC_ROOT_CLASS = YES_ERROR;
				CLANG_WARN_QUOTED_INCLUDE_IN_FRAMEWORK_HEADER = YES;
				CLANG_WARN_RANGE_LOOP_ANALYSIS = YES;
				CLANG_WARN_STRICT_PROTOTYPES = YES;
				CLANG_WARN_SUSPICIOUS_MOVE = YES;
				CLANG_WARN_UNGUARDED_AVAILABILITY = YES_AGGRESSIVE;
				CLANG_WARN_UNREACHABLE_CODE = YES;
				CLANG_WARN__DUPLICATE_METHOD_MATCH = YES;
				COPY_PHASE_STRIP = NO;
				DEBUG_INFORMATION_FORMAT = dwarf;
				ENABLE_STRICT_OBJC_MSGSEND = YES;
				ENABLE_TESTABILITY = YES;
				GCC_C_LANGUAGE_STANDARD = gnu11;
				GCC_DYNAMIC_NO_PIC = NO;
				GCC_NO_COMMON_BLOCKS = YES;
				GCC_OPTIMIZATION_LEVEL = 0;
				GCC_PREPROCESSOR_DEFINITIONS = (
					"DEBUG=1",
					"$(inherited)",
				);
				GCC_WARN_64_TO_32_BIT_CONVERSION = YES;
				GCC_WARN_ABOUT_RETURN_TYPE = YES_ERROR;
				GCC_WARN_UNDECLARED_SELECTOR = YES;
				GCC_WARN_UNINITIALIZED_AUTOS = YES_AGGRESSIVE;
				GCC_WARN_UNUSED_FUNCTION = YES;
				GCC_WARN_UNUSED_VARIABLE = YES;
				IPHONEOS_DEPLOYMENT_TARGET = 15.2;
				MTL_ENABLE_DEBUG_INFO = INCLUDE_SOURCE;
				MTL_FAST_MATH = YES;
				ONLY_ACTIVE_ARCH = YES;
				SDKROOT = iphoneos;
				SWIFT_ACTIVE_COMPILATION_CONDITIONS = DEBUG;
				SWIFT_OPTIMIZATION_LEVEL = "-Onone";
			};
			name = Debug;
		};
		1CDAE32429D376E0000E140A /* Release */ = {
			isa = XCBuildConfiguration;
			buildSettings = {
				ALWAYS_SEARCH_USER_PATHS = NO;
				CLANG_ANALYZER_NONNULL = YES;
				CLANG_ANALYZER_NUMBER_OBJECT_CONVERSION = YES_AGGRESSIVE;
				CLANG_CXX_LANGUAGE_STANDARD = "gnu++17";
				CLANG_CXX_LIBRARY = "libc++";
				CLANG_ENABLE_MODULES = YES;
				CLANG_ENABLE_OBJC_ARC = YES;
				CLANG_ENABLE_OBJC_WEAK = YES;
				CLANG_WARN_BLOCK_CAPTURE_AUTORELEASING = YES;
				CLANG_WARN_BOOL_CONVERSION = YES;
				CLANG_WARN_COMMA = YES;
				CLANG_WARN_CONSTANT_CONVERSION = YES;
				CLANG_WARN_DEPRECATED_OBJC_IMPLEMENTATIONS = YES;
				CLANG_WARN_DIRECT_OBJC_ISA_USAGE = YES_ERROR;
				CLANG_WARN_DOCUMENTATION_COMMENTS = YES;
				CLANG_WARN_EMPTY_BODY = YES;
				CLANG_WARN_ENUM_CONVERSION = YES;
				CLANG_WARN_INFINITE_RECURSION = YES;
				CLANG_WARN_INT_CONVERSION = YES;
				CLANG_WARN_NON_LITERAL_NULL_CONVERSION = YES;
				CLANG_WARN_OBJC_IMPLICIT_RETAIN_SELF = YES;
				CLANG_WARN_OBJC_LITERAL_CONVERSION = YES;
				CLANG_WARN_OBJC_ROOT_CLASS = YES_ERROR;
				CLANG_WARN_QUOTED_INCLUDE_IN_FRAMEWORK_HEADER = YES;
				CLANG_WARN_RANGE_LOOP_ANALYSIS = YES;
				CLANG_WARN_STRICT_PROTOTYPES = YES;
				CLANG_WARN_SUSPICIOUS_MOVE = YES;
				CLANG_WARN_UNGUARDED_AVAILABILITY = YES_AGGRESSIVE;
				CLANG_WARN_UNREACHABLE_CODE = YES;
				CLANG_WARN__DUPLICATE_METHOD_MATCH = YES;
				COPY_PHASE_STRIP = NO;
				DEBUG_INFORMATION_FORMAT = "dwarf-with-dsym";
				ENABLE_NS_ASSERTIONS = NO;
				ENABLE_STRICT_OBJC_MSGSEND = YES;
				GCC_C_LANGUAGE_STANDARD = gnu11;
				GCC_NO_COMMON_BLOCKS = YES;
				GCC_WARN_64_TO_32_BIT_CONVERSION = YES;
				GCC_WARN_ABOUT_RETURN_TYPE = YES_ERROR;
				GCC_WARN_UNDECLARED_SELECTOR = YES;
				GCC_WARN_UNINITIALIZED_AUTOS = YES_AGGRESSIVE;
				GCC_WARN_UNUSED_FUNCTION = YES;
				GCC_WARN_UNUSED_VARIABLE = YES;
				IPHONEOS_DEPLOYMENT_TARGET = 15.2;
				MTL_ENABLE_DEBUG_INFO = NO;
				MTL_FAST_MATH = YES;
				SDKROOT = iphoneos;
				SWIFT_COMPILATION_MODE = wholemodule;
				SWIFT_OPTIMIZATION_LEVEL = "-O";
				VALIDATE_PRODUCT = YES;
			};
			name = Release;
		};
		1CDAE32629D376E0000E140A /* Debug */ = {
			isa = XCBuildConfiguration;
			buildSettings = {
				ASSETCATALOG_COMPILER_APPICON_NAME = AppIcon;
				ASSETCATALOG_COMPILER_GLOBAL_ACCENT_COLOR_NAME = AccentColor;
				CODE_SIGN_STYLE = Automatic;
				CURRENT_PROJECT_VERSION = 1;
				DEVELOPMENT_TEAM = DX2793HJLK;
				GENERATE_INFOPLIST_FILE = YES;
				INFOPLIST_FILE = application/Info.plist;
				INFOPLIST_KEY_NSCameraUsageDescription = "We need the camera to scan QR Codes.";
				INFOPLIST_KEY_UIApplicationSupportsIndirectInputEvents = YES;
				INFOPLIST_KEY_UILaunchStoryboardName = LaunchScreen;
				INFOPLIST_KEY_UIMainStoryboardFile = Main;
				INFOPLIST_KEY_UISupportedInterfaceOrientations_iPad = "UIInterfaceOrientationPortrait UIInterfaceOrientationPortraitUpsideDown UIInterfaceOrientationLandscapeLeft UIInterfaceOrientationLandscapeRight";
				INFOPLIST_KEY_UISupportedInterfaceOrientations_iPhone = "UIInterfaceOrientationPortrait UIInterfaceOrientationLandscapeLeft UIInterfaceOrientationLandscapeRight";
				INFOPLIST_KEY_UIUserInterfaceStyle = Light;
				LD_RUNPATH_SEARCH_PATHS = (
					"$(inherited)",
					"@executable_path/Frameworks",
				);
				MARKETING_VERSION = 1.0;
				PRODUCT_BUNDLE_IDENTIFIER = com.valensas.odepro.intern;
				PRODUCT_NAME = "$(TARGET_NAME)";
				SWIFT_EMIT_LOC_STRINGS = YES;
				SWIFT_VERSION = 5.0;
				TARGETED_DEVICE_FAMILY = "1,2";
			};
			name = Debug;
		};
		1CDAE32729D376E0000E140A /* Release */ = {
			isa = XCBuildConfiguration;
			buildSettings = {
				ASSETCATALOG_COMPILER_APPICON_NAME = AppIcon;
				ASSETCATALOG_COMPILER_GLOBAL_ACCENT_COLOR_NAME = AccentColor;
				CODE_SIGN_STYLE = Automatic;
				CURRENT_PROJECT_VERSION = 1;
				DEVELOPMENT_TEAM = DX2793HJLK;
				GENERATE_INFOPLIST_FILE = YES;
				INFOPLIST_FILE = application/Info.plist;
				INFOPLIST_KEY_NSCameraUsageDescription = "We need the camera to scan QR Codes.";
				INFOPLIST_KEY_UIApplicationSupportsIndirectInputEvents = YES;
				INFOPLIST_KEY_UILaunchStoryboardName = LaunchScreen;
				INFOPLIST_KEY_UIMainStoryboardFile = Main;
				INFOPLIST_KEY_UISupportedInterfaceOrientations_iPad = "UIInterfaceOrientationPortrait UIInterfaceOrientationPortraitUpsideDown UIInterfaceOrientationLandscapeLeft UIInterfaceOrientationLandscapeRight";
				INFOPLIST_KEY_UISupportedInterfaceOrientations_iPhone = "UIInterfaceOrientationPortrait UIInterfaceOrientationLandscapeLeft UIInterfaceOrientationLandscapeRight";
				INFOPLIST_KEY_UIUserInterfaceStyle = Light;
				LD_RUNPATH_SEARCH_PATHS = (
					"$(inherited)",
					"@executable_path/Frameworks",
				);
				MARKETING_VERSION = 1.0;
				PRODUCT_BUNDLE_IDENTIFIER = com.valensas.odepro.intern;
				PRODUCT_NAME = "$(TARGET_NAME)";
				SWIFT_EMIT_LOC_STRINGS = YES;
				SWIFT_VERSION = 5.0;
				TARGETED_DEVICE_FAMILY = "1,2";
			};
			name = Release;
		};
		1CDAE32929D376E0000E140A /* Debug */ = {
			isa = XCBuildConfiguration;
			buildSettings = {
				ALWAYS_EMBED_SWIFT_STANDARD_LIBRARIES = YES;
				BUNDLE_LOADER = "$(TEST_HOST)";
				CODE_SIGN_STYLE = Automatic;
				CURRENT_PROJECT_VERSION = 1;
				GENERATE_INFOPLIST_FILE = YES;
				IPHONEOS_DEPLOYMENT_TARGET = 15.2;
				MARKETING_VERSION = 1.0;
				PRODUCT_BUNDLE_IDENTIFIER = comp491.applicationTests;
				PRODUCT_NAME = "$(TARGET_NAME)";
				SWIFT_EMIT_LOC_STRINGS = NO;
				SWIFT_VERSION = 5.0;
				TARGETED_DEVICE_FAMILY = "1,2";
				TEST_HOST = "$(BUILT_PRODUCTS_DIR)/application.app/application";
			};
			name = Debug;
		};
		1CDAE32A29D376E0000E140A /* Release */ = {
			isa = XCBuildConfiguration;
			buildSettings = {
				ALWAYS_EMBED_SWIFT_STANDARD_LIBRARIES = YES;
				BUNDLE_LOADER = "$(TEST_HOST)";
				CODE_SIGN_STYLE = Automatic;
				CURRENT_PROJECT_VERSION = 1;
				GENERATE_INFOPLIST_FILE = YES;
				IPHONEOS_DEPLOYMENT_TARGET = 15.2;
				MARKETING_VERSION = 1.0;
				PRODUCT_BUNDLE_IDENTIFIER = comp491.applicationTests;
				PRODUCT_NAME = "$(TARGET_NAME)";
				SWIFT_EMIT_LOC_STRINGS = NO;
				SWIFT_VERSION = 5.0;
				TARGETED_DEVICE_FAMILY = "1,2";
				TEST_HOST = "$(BUILT_PRODUCTS_DIR)/application.app/application";
			};
			name = Release;
		};
		1CDAE32C29D376E0000E140A /* Debug */ = {
			isa = XCBuildConfiguration;
			buildSettings = {
				ALWAYS_EMBED_SWIFT_STANDARD_LIBRARIES = YES;
				CODE_SIGN_STYLE = Automatic;
				CURRENT_PROJECT_VERSION = 1;
				GENERATE_INFOPLIST_FILE = YES;
				MARKETING_VERSION = 1.0;
				PRODUCT_BUNDLE_IDENTIFIER = comp491.applicationUITests;
				PRODUCT_NAME = "$(TARGET_NAME)";
				SWIFT_EMIT_LOC_STRINGS = NO;
				SWIFT_VERSION = 5.0;
				TARGETED_DEVICE_FAMILY = "1,2";
				TEST_TARGET_NAME = application;
			};
			name = Debug;
		};
		1CDAE32D29D376E0000E140A /* Release */ = {
			isa = XCBuildConfiguration;
			buildSettings = {
				ALWAYS_EMBED_SWIFT_STANDARD_LIBRARIES = YES;
				CODE_SIGN_STYLE = Automatic;
				CURRENT_PROJECT_VERSION = 1;
				GENERATE_INFOPLIST_FILE = YES;
				MARKETING_VERSION = 1.0;
				PRODUCT_BUNDLE_IDENTIFIER = comp491.applicationUITests;
				PRODUCT_NAME = "$(TARGET_NAME)";
				SWIFT_EMIT_LOC_STRINGS = NO;
				SWIFT_VERSION = 5.0;
				TARGETED_DEVICE_FAMILY = "1,2";
				TEST_TARGET_NAME = application;
			};
			name = Release;
		};
/* End XCBuildConfiguration section */

/* Begin XCConfigurationList section */
		1CDAE2F629D376DE000E140A /* Build configuration list for PBXProject "application" */ = {
			isa = XCConfigurationList;
			buildConfigurations = (
				1CDAE32329D376E0000E140A /* Debug */,
				1CDAE32429D376E0000E140A /* Release */,
			);
			defaultConfigurationIsVisible = 0;
			defaultConfigurationName = Release;
		};
		1CDAE32529D376E0000E140A /* Build configuration list for PBXNativeTarget "application" */ = {
			isa = XCConfigurationList;
			buildConfigurations = (
				1CDAE32629D376E0000E140A /* Debug */,
				1CDAE32729D376E0000E140A /* Release */,
			);
			defaultConfigurationIsVisible = 0;
			defaultConfigurationName = Release;
		};
		1CDAE32829D376E0000E140A /* Build configuration list for PBXNativeTarget "applicationTests" */ = {
			isa = XCConfigurationList;
			buildConfigurations = (
				1CDAE32929D376E0000E140A /* Debug */,
				1CDAE32A29D376E0000E140A /* Release */,
			);
			defaultConfigurationIsVisible = 0;
			defaultConfigurationName = Release;
		};
		1CDAE32B29D376E0000E140A /* Build configuration list for PBXNativeTarget "applicationUITests" */ = {
			isa = XCConfigurationList;
			buildConfigurations = (
				1CDAE32C29D376E0000E140A /* Debug */,
				1CDAE32D29D376E0000E140A /* Release */,
			);
			defaultConfigurationIsVisible = 0;
			defaultConfigurationName = Release;
		};
/* End XCConfigurationList section */

/* Begin XCRemoteSwiftPackageReference section */
		1C4401A529EB4A4800AF40F3 /* XCRemoteSwiftPackageReference "CodeScanner" */ = {
			isa = XCRemoteSwiftPackageReference;
			repositoryURL = "https://github.com/twostraws/CodeScanner";
			requirement = {
				kind = upToNextMajorVersion;
				minimumVersion = 2.0.0;
			};
		};
/* End XCRemoteSwiftPackageReference section */

/* Begin XCSwiftPackageProductDependency section */
		1C4401A629EB4A4800AF40F3 /* CodeScanner */ = {
			isa = XCSwiftPackageProductDependency;
			package = 1C4401A529EB4A4800AF40F3 /* XCRemoteSwiftPackageReference "CodeScanner" */;
			productName = CodeScanner;
		};
/* End XCSwiftPackageProductDependency section */
	};
	rootObject = 1CDAE2F329D376DE000E140A /* Project object */;
}
